
Microsoft Visual Studio Solution File, Format Version 12.00
# Visual Studio Version 16
VisualStudioVersion = 16.0.33130.400
MinimumVisualStudioVersion = 10.0.40219.1
Project("{FAE04EC0-301F-11D3-BF4B-00C04F79EFBC}") = "UsingParams", "UsingParams.csproj", "{1D63BD9F-CFB7-462F-A3FC-6D7596F8E791}"
EndProject
Global
	GlobalSection(SolutionConfigurationPlatforms) = preSolution
		Debug|Any CPU = Debug|Any CPU
		Release|Any CPU = Release|Any CPU
	EndGlobalSection
	GlobalSection(ProjectConfigurationPlatforms) = postSolution
		{1D63BD9F-CFB7-462F-A3FC-6D7596F8E791}.Debug|Any CPU.ActiveCfg = Debug|Any CPU
		{1D63BD9F-CFB7-462F-A3FC-6D7596F8E791}.Debug|Any CPU.Build.0 = Debug|Any CPU
		{1D63BD9F-CFB7-462F-A3FC-6D7596F8E791}.Release|Any CPU.ActiveCfg = Release|Any CPU
		{1D63BD9F-CFB7-462F-A3FC-6D7596F8E791}.Release|Any CPU.Build.0 = Release|Any CPU
	EndGlobalSection
	GlobalSection(SolutionProperties) = preSolution
		HideSolutionNode = FALSE
	EndGlobalSection
	GlobalSection(ExtensibilityGlobals) = postSolution
		SolutionGuid = {24948AAC-E6BA-4EE1-86A6-DBFE27AAB8B1}
	EndGlobalSection
EndGlobal
