
Microsoft Visual Studio Solution File, Format Version 12.00
# Visual Studio Version 16
VisualStudioVersion = 16.0.33130.400
MinimumVisualStudioVersion = 10.0.40219.1
Project("{FAE04EC0-301F-11D3-BF4B-00C04F79EFBC}") = "StringNumberConversion", "StringNumberConversion.csproj", "{D3E8EC6F-3147-4424-BDA0-72E403C806FD}"
EndProject
Global
	GlobalSection(SolutionConfigurationPlatforms) = preSolution
		Debug|Any CPU = Debug|Any CPU
		Release|Any CPU = Release|Any CPU
	EndGlobalSection
	GlobalSection(ProjectConfigurationPlatforms) = postSolution
		{D3E8EC6F-3147-4424-BDA0-72E403C806FD}.Debug|Any CPU.ActiveCfg = Debug|Any CPU
		{D3E8EC6F-3147-4424-BDA0-72E403C806FD}.Debug|Any CPU.Build.0 = Debug|Any CPU
		{D3E8EC6F-3147-4424-BDA0-72E403C806FD}.Release|Any CPU.ActiveCfg = Release|Any CPU
		{D3E8EC6F-3147-4424-BDA0-72E403C806FD}.Release|Any CPU.Build.0 = Release|Any CPU
	EndGlobalSection
	GlobalSection(SolutionProperties) = preSolution
		HideSolutionNode = FALSE
	EndGlobalSection
	GlobalSection(ExtensibilityGlobals) = postSolution
		SolutionGuid = {238943A1-9C3D-4B29-849C-A252ED0991CF}
	EndGlobalSection
EndGlobal
