
Microsoft Visual Studio Solution File, Format Version 12.00
# Visual Studio Version 16
VisualStudioVersion = 16.0.33130.400
MinimumVisualStudioVersion = 10.0.40219.1
Project("{FAE04EC0-301F-11D3-BF4B-00C04F79EFBC}") = "BoxingUnBoxing", "BoxingUnBoxing.csproj", "{7D49FB2C-DBD1-4816-ACB0-11C8CBDB6E2B}"
EndProject
Global
	GlobalSection(SolutionConfigurationPlatforms) = preSolution
		Debug|Any CPU = Debug|Any CPU
		Release|Any CPU = Release|Any CPU
	EndGlobalSection
	GlobalSection(ProjectConfigurationPlatforms) = postSolution
		{7D49FB2C-DBD1-4816-ACB0-11C8CBDB6E2B}.Debug|Any CPU.ActiveCfg = Debug|Any CPU
		{7D49FB2C-DBD1-4816-ACB0-11C8CBDB6E2B}.Debug|Any CPU.Build.0 = Debug|Any CPU
		{7D49FB2C-DBD1-4816-ACB0-11C8CBDB6E2B}.Release|Any CPU.ActiveCfg = Release|Any CPU
		{7D49FB2C-DBD1-4816-ACB0-11C8CBDB6E2B}.Release|Any CPU.Build.0 = Release|Any CPU
	EndGlobalSection
	GlobalSection(SolutionProperties) = preSolution
		HideSolutionNode = FALSE
	EndGlobalSection
	GlobalSection(ExtensibilityGlobals) = postSolution
		SolutionGuid = {585CB669-1700-437A-93FA-C67CB2FADCF4}
	EndGlobalSection
EndGlobal
