
Microsoft Visual Studio Solution File, Format Version 12.00
# Visual Studio Version 16
VisualStudioVersion = 16.0.33130.400
MinimumVisualStudioVersion = 10.0.40219.1
Project("{FAE04EC0-301F-11D3-BF4B-00C04F79EFBC}") = "OptionalParameter", "OptionalParameter.csproj", "{CA6BE99E-CED1-4233-A28B-7E55EEFFDDDC}"
EndProject
Global
	GlobalSection(SolutionConfigurationPlatforms) = preSolution
		Debug|Any CPU = Debug|Any CPU
		Release|Any CPU = Release|Any CPU
	EndGlobalSection
	GlobalSection(ProjectConfigurationPlatforms) = postSolution
		{CA6BE99E-CED1-4233-A28B-7E55EEFFDDDC}.Debug|Any CPU.ActiveCfg = Debug|Any CPU
		{CA6BE99E-CED1-4233-A28B-7E55EEFFDDDC}.Debug|Any CPU.Build.0 = Debug|Any CPU
		{CA6BE99E-CED1-4233-A28B-7E55EEFFDDDC}.Release|Any CPU.ActiveCfg = Release|Any CPU
		{CA6BE99E-CED1-4233-A28B-7E55EEFFDDDC}.Release|Any CPU.Build.0 = Release|Any CPU
	EndGlobalSection
	GlobalSection(SolutionProperties) = preSolution
		HideSolutionNode = FALSE
	EndGlobalSection
	GlobalSection(ExtensibilityGlobals) = postSolution
		SolutionGuid = {AB4935FF-E974-4241-A2ED-89D1B5A5B990}
	EndGlobalSection
EndGlobal
