
Microsoft Visual Studio Solution File, Format Version 12.00
# Visual Studio Version 16
VisualStudioVersion = 16.0.33130.400
MinimumVisualStudioVersion = 10.0.40219.1
Project("{FAE04EC0-301F-11D3-BF4B-00C04F79EFBC}") = "InfiniteWhile", "InfiniteWhile.csproj", "{0B9D2BA6-F060-4D25-86B3-9D3A09114465}"
EndProject
Global
	GlobalSection(SolutionConfigurationPlatforms) = preSolution
		Debug|Any CPU = Debug|Any CPU
		Release|Any CPU = Release|Any CPU
	EndGlobalSection
	GlobalSection(ProjectConfigurationPlatforms) = postSolution
		{0B9D2BA6-F060-4D25-86B3-9D3A09114465}.Debug|Any CPU.ActiveCfg = Debug|Any CPU
		{0B9D2BA6-F060-4D25-86B3-9D3A09114465}.Debug|Any CPU.Build.0 = Debug|Any CPU
		{0B9D2BA6-F060-4D25-86B3-9D3A09114465}.Release|Any CPU.ActiveCfg = Release|Any CPU
		{0B9D2BA6-F060-4D25-86B3-9D3A09114465}.Release|Any CPU.Build.0 = Release|Any CPU
	EndGlobalSection
	GlobalSection(SolutionProperties) = preSolution
		HideSolutionNode = FALSE
	EndGlobalSection
	GlobalSection(ExtensibilityGlobals) = postSolution
		SolutionGuid = {5FC877AE-4871-4E1B-BF7D-BDF92B6FA8C1}
	EndGlobalSection
EndGlobal
