
Microsoft Visual Studio Solution File, Format Version 12.00
# Visual Studio Version 16
VisualStudioVersion = 16.0.33130.400
MinimumVisualStudioVersion = 10.0.40219.1
Project("{FAE04EC0-301F-11D3-BF4B-00C04F79EFBC}") = "FloatToIntegral", "FloatToIntegral.csproj", "{CDA06D55-310C-4EFD-AC96-2223F6E24FBC}"
EndProject
Global
	GlobalSection(SolutionConfigurationPlatforms) = preSolution
		Debug|Any CPU = Debug|Any CPU
		Release|Any CPU = Release|Any CPU
	EndGlobalSection
	GlobalSection(ProjectConfigurationPlatforms) = postSolution
		{CDA06D55-310C-4EFD-AC96-2223F6E24FBC}.Debug|Any CPU.ActiveCfg = Debug|Any CPU
		{CDA06D55-310C-4EFD-AC96-2223F6E24FBC}.Debug|Any CPU.Build.0 = Debug|Any CPU
		{CDA06D55-310C-4EFD-AC96-2223F6E24FBC}.Release|Any CPU.ActiveCfg = Release|Any CPU
		{CDA06D55-310C-4EFD-AC96-2223F6E24FBC}.Release|Any CPU.Build.0 = Release|Any CPU
	EndGlobalSection
	GlobalSection(SolutionProperties) = preSolution
		HideSolutionNode = FALSE
	EndGlobalSection
	GlobalSection(ExtensibilityGlobals) = postSolution
		SolutionGuid = {649EDAE8-E0D9-42B7-BA2E-4B47C060B764}
	EndGlobalSection
EndGlobal
