
Microsoft Visual Studio Solution File, Format Version 12.00
# Visual Studio Version 16
VisualStudioVersion = 16.0.33130.400
MinimumVisualStudioVersion = 10.0.40219.1
Project("{FAE04EC0-301F-11D3-BF4B-00C04F79EFBC}") = "StaticField", "StaticField.csproj", "{7564C80E-282D-40A3-A6CA-4416B1ED9B75}"
EndProject
Global
	GlobalSection(SolutionConfigurationPlatforms) = preSolution
		Debug|Any CPU = Debug|Any CPU
		Release|Any CPU = Release|Any CPU
	EndGlobalSection
	GlobalSection(ProjectConfigurationPlatforms) = postSolution
		{7564C80E-282D-40A3-A6CA-4416B1ED9B75}.Debug|Any CPU.ActiveCfg = Debug|Any CPU
		{7564C80E-282D-40A3-A6CA-4416B1ED9B75}.Debug|Any CPU.Build.0 = Debug|Any CPU
		{7564C80E-282D-40A3-A6CA-4416B1ED9B75}.Release|Any CPU.ActiveCfg = Release|Any CPU
		{7564C80E-282D-40A3-A6CA-4416B1ED9B75}.Release|Any CPU.Build.0 = Release|Any CPU
	EndGlobalSection
	GlobalSection(SolutionProperties) = preSolution
		HideSolutionNode = FALSE
	EndGlobalSection
	GlobalSection(ExtensibilityGlobals) = postSolution
		SolutionGuid = {49C3D789-5925-48AF-A20E-0CC25284008F}
	EndGlobalSection
EndGlobal
