
Microsoft Visual Studio Solution File, Format Version 12.00
# Visual Studio Version 16
VisualStudioVersion = 16.0.33130.400
MinimumVisualStudioVersion = 10.0.40219.1
Project("{FAE04EC0-301F-11D3-BF4B-00C04F79EFBC}") = "Goto", "Goto.csproj", "{2CF21988-9A76-4105-B2E2-205BB75BF408}"
EndProject
Global
	GlobalSection(SolutionConfigurationPlatforms) = preSolution
		Debug|Any CPU = Debug|Any CPU
		Release|Any CPU = Release|Any CPU
	EndGlobalSection
	GlobalSection(ProjectConfigurationPlatforms) = postSolution
		{2CF21988-9A76-4105-B2E2-205BB75BF408}.Debug|Any CPU.ActiveCfg = Debug|Any CPU
		{2CF21988-9A76-4105-B2E2-205BB75BF408}.Debug|Any CPU.Build.0 = Debug|Any CPU
		{2CF21988-9A76-4105-B2E2-205BB75BF408}.Release|Any CPU.ActiveCfg = Release|Any CPU
		{2CF21988-9A76-4105-B2E2-205BB75BF408}.Release|Any CPU.Build.0 = Release|Any CPU
	EndGlobalSection
	GlobalSection(SolutionProperties) = preSolution
		HideSolutionNode = FALSE
	EndGlobalSection
	GlobalSection(ExtensibilityGlobals) = postSolution
		SolutionGuid = {EA921413-282E-4BE0-A6FE-1C39ECC2126F}
	EndGlobalSection
EndGlobal
