
Microsoft Visual Studio Solution File, Format Version 12.00
# Visual Studio Version 16
VisualStudioVersion = 16.0.33130.400
MinimumVisualStudioVersion = 10.0.40219.1
Project("{FAE04EC0-301F-11D3-BF4B-00C04F79EFBC}") = "ThisConstructor", "ThisConstructor.csproj", "{94BA6050-26EB-4311-8BD9-4B2C0EB2AF24}"
EndProject
Global
	GlobalSection(SolutionConfigurationPlatforms) = preSolution
		Debug|Any CPU = Debug|Any CPU
		Release|Any CPU = Release|Any CPU
	EndGlobalSection
	GlobalSection(ProjectConfigurationPlatforms) = postSolution
		{94BA6050-26EB-4311-8BD9-4B2C0EB2AF24}.Debug|Any CPU.ActiveCfg = Debug|Any CPU
		{94BA6050-26EB-4311-8BD9-4B2C0EB2AF24}.Debug|Any CPU.Build.0 = Debug|Any CPU
		{94BA6050-26EB-4311-8BD9-4B2C0EB2AF24}.Release|Any CPU.ActiveCfg = Release|Any CPU
		{94BA6050-26EB-4311-8BD9-4B2C0EB2AF24}.Release|Any CPU.Build.0 = Release|Any CPU
	EndGlobalSection
	GlobalSection(SolutionProperties) = preSolution
		HideSolutionNode = FALSE
	EndGlobalSection
	GlobalSection(ExtensibilityGlobals) = postSolution
		SolutionGuid = {EC4B0E38-781F-4FF8-8081-5D7DBE50F030}
	EndGlobalSection
EndGlobal
