
Microsoft Visual Studio Solution File, Format Version 12.00
# Visual Studio Version 16
VisualStudioVersion = 16.0.33130.400
MinimumVisualStudioVersion = 10.0.40219.1
Project("{FAE04EC0-301F-11D3-BF4B-00C04F79EFBC}") = "ForFor", "ForFor.csproj", "{E7A649C1-E9A0-4131-A8D0-2BF7493453BC}"
EndProject
Global
	GlobalSection(SolutionConfigurationPlatforms) = preSolution
		Debug|Any CPU = Debug|Any CPU
		Release|Any CPU = Release|Any CPU
	EndGlobalSection
	GlobalSection(ProjectConfigurationPlatforms) = postSolution
		{E7A649C1-E9A0-4131-A8D0-2BF7493453BC}.Debug|Any CPU.ActiveCfg = Debug|Any CPU
		{E7A649C1-E9A0-4131-A8D0-2BF7493453BC}.Debug|Any CPU.Build.0 = Debug|Any CPU
		{E7A649C1-E9A0-4131-A8D0-2BF7493453BC}.Release|Any CPU.ActiveCfg = Release|Any CPU
		{E7A649C1-E9A0-4131-A8D0-2BF7493453BC}.Release|Any CPU.Build.0 = Release|Any CPU
	EndGlobalSection
	GlobalSection(SolutionProperties) = preSolution
		HideSolutionNode = FALSE
	EndGlobalSection
	GlobalSection(ExtensibilityGlobals) = postSolution
		SolutionGuid = {573AD74F-C88F-4534-B00B-9E2C3E89ACE0}
	EndGlobalSection
EndGlobal
