
Microsoft Visual Studio Solution File, Format Version 12.00
# Visual Studio Version 16
VisualStudioVersion = 16.0.33130.400
MinimumVisualStudioVersion = 10.0.40219.1
Project("{FAE04EC0-301F-11D3-BF4B-00C04F79EFBC}") = "Break", "Break.csproj", "{9C3461DA-584B-416F-95C2-B3BFBDA62766}"
EndProject
Global
	GlobalSection(SolutionConfigurationPlatforms) = preSolution
		Debug|Any CPU = Debug|Any CPU
		Release|Any CPU = Release|Any CPU
	EndGlobalSection
	GlobalSection(ProjectConfigurationPlatforms) = postSolution
		{9C3461DA-584B-416F-95C2-B3BFBDA62766}.Debug|Any CPU.ActiveCfg = Debug|Any CPU
		{9C3461DA-584B-416F-95C2-B3BFBDA62766}.Debug|Any CPU.Build.0 = Debug|Any CPU
		{9C3461DA-584B-416F-95C2-B3BFBDA62766}.Release|Any CPU.ActiveCfg = Release|Any CPU
		{9C3461DA-584B-416F-95C2-B3BFBDA62766}.Release|Any CPU.Build.0 = Release|Any CPU
	EndGlobalSection
	GlobalSection(SolutionProperties) = preSolution
		HideSolutionNode = FALSE
	EndGlobalSection
	GlobalSection(ExtensibilityGlobals) = postSolution
		SolutionGuid = {7DA9BC43-7CDA-441E-BEB6-0B42F50524AC}
	EndGlobalSection
EndGlobal
